
Microsoft Visual Studio Solution File, Format Version 12.00
# Visual Studio 14
VisualStudioVersion = 14.0.25420.1
MinimumVisualStudioVersion = 10.0.40219.1
Project("{FAE04EC0-301F-11D3-BF4B-00C04F79EFBC}") = "Xenious", "Xenious\Xenious.csproj", "{8B933EFA-FF05-40CD-9C9F-03C052E8D160}"
	ProjectSection(ProjectDependencies) = postProject
		{49483A47-B2B2-40D9-8586-2251CE0C98D7} = {49483A47-B2B2-40D9-8586-2251CE0C98D7}
		{CC33337E-2914-4111-B7B9-6DDC66B794C9} = {CC33337E-2914-4111-B7B9-6DDC66B794C9}
	EndProjectSection
EndProject
Project("{FAE04EC0-301F-11D3-BF4B-00C04F79EFBC}") = "Xbox360", "Xbox360\Xbox360.csproj", "{49483A47-B2B2-40D9-8586-2251CE0C98D7}"
EndProject
Project("{FAE04EC0-301F-11D3-BF4B-00C04F79EFBC}") = "XenonPowerPC", "XenonPowerPC\XenonPowerPC.csproj", "{CC33337E-2914-4111-B7B9-6DDC66B794C9}"
EndProject
Global
	GlobalSection(SolutionConfigurationPlatforms) = preSolution
		Debug|Any CPU = Debug|Any CPU
		Debug|x64 = Debug|x64
		Debug|x86 = Debug|x86
		Release|Any CPU = Release|Any CPU
		Release|x64 = Release|x64
		Release|x86 = Release|x86
	EndGlobalSection
	GlobalSection(ProjectConfigurationPlatforms) = postSolution
		{8B933EFA-FF05-40CD-9C9F-03C052E8D160}.Debug|Any CPU.ActiveCfg = Debug|x86
		{8B933EFA-FF05-40CD-9C9F-03C052E8D160}.Debug|x64.ActiveCfg = Debug|x86
		{8B933EFA-FF05-40CD-9C9F-03C052E8D160}.Debug|x64.Build.0 = Debug|x86
		{8B933EFA-FF05-40CD-9C9F-03C052E8D160}.Debug|x86.ActiveCfg = Debug|x86
		{8B933EFA-FF05-40CD-9C9F-03C052E8D160}.Debug|x86.Build.0 = Debug|x86
		{8B933EFA-FF05-40CD-9C9F-03C052E8D160}.Release|Any CPU.ActiveCfg = Release|x86
		{8B933EFA-FF05-40CD-9C9F-03C052E8D160}.Release|x64.ActiveCfg = Release|x64
		{8B933EFA-FF05-40CD-9C9F-03C052E8D160}.Release|x64.Build.0 = Release|x64
		{8B933EFA-FF05-40CD-9C9F-03C052E8D160}.Release|x86.ActiveCfg = Release|x86
		{8B933EFA-FF05-40CD-9C9F-03C052E8D160}.Release|x86.Build.0 = Release|x86
		{49483A47-B2B2-40D9-8586-2251CE0C98D7}.Debug|Any CPU.ActiveCfg = Debug|Any CPU
		{49483A47-B2B2-40D9-8586-2251CE0C98D7}.Debug|Any CPU.Build.0 = Debug|Any CPU
		{49483A47-B2B2-40D9-8586-2251CE0C98D7}.Debug|x64.ActiveCfg = Debug|Any CPU
		{49483A47-B2B2-40D9-8586-2251CE0C98D7}.Debug|x64.Build.0 = Debug|Any CPU
		{49483A47-B2B2-40D9-8586-2251CE0C98D7}.Debug|x86.ActiveCfg = Debug|Any CPU
		{49483A47-B2B2-40D9-8586-2251CE0C98D7}.Debug|x86.Build.0 = Debug|Any CPU
		{49483A47-B2B2-40D9-8586-2251CE0C98D7}.Release|Any CPU.ActiveCfg = Release|Any CPU
		{49483A47-B2B2-40D9-8586-2251CE0C98D7}.Release|Any CPU.Build.0 = Release|Any CPU
		{49483A47-B2B2-40D9-8586-2251CE0C98D7}.Release|x64.ActiveCfg = Release|Any CPU
		{49483A47-B2B2-40D9-8586-2251CE0C98D7}.Release|x64.Build.0 = Release|Any CPU
		{49483A47-B2B2-40D9-8586-2251CE0C98D7}.Release|x86.ActiveCfg = Release|Any CPU
		{49483A47-B2B2-40D9-8586-2251CE0C98D7}.Release|x86.Build.0 = Release|Any CPU
		{CC33337E-2914-4111-B7B9-6DDC66B794C9}.Debug|Any CPU.ActiveCfg = Debug|Any CPU
		{CC33337E-2914-4111-B7B9-6DDC66B794C9}.Debug|Any CPU.Build.0 = Debug|Any CPU
		{CC33337E-2914-4111-B7B9-6DDC66B794C9}.Debug|x64.ActiveCfg = Debug|Any CPU
		{CC33337E-2914-4111-B7B9-6DDC66B794C9}.Debug|x64.Build.0 = Debug|Any CPU
		{CC33337E-2914-4111-B7B9-6DDC66B794C9}.Debug|x86.ActiveCfg = Debug|Any CPU
		{CC33337E-2914-4111-B7B9-6DDC66B794C9}.Debug|x86.Build.0 = Debug|Any CPU
		{CC33337E-2914-4111-B7B9-6DDC66B794C9}.Release|Any CPU.ActiveCfg = Release|Any CPU
		{CC33337E-2914-4111-B7B9-6DDC66B794C9}.Release|Any CPU.Build.0 = Release|Any CPU
		{CC33337E-2914-4111-B7B9-6DDC66B794C9}.Release|x64.ActiveCfg = Release|Any CPU
		{CC33337E-2914-4111-B7B9-6DDC66B794C9}.Release|x64.Build.0 = Release|Any CPU
		{CC33337E-2914-4111-B7B9-6DDC66B794C9}.Release|x86.ActiveCfg = Release|Any CPU
		{CC33337E-2914-4111-B7B9-6DDC66B794C9}.Release|x86.Build.0 = Release|Any CPU
	EndGlobalSection
	GlobalSection(SolutionProperties) = preSolution
		HideSolutionNode = FALSE
	EndGlobalSection
EndGlobal
